// !$*UTF8*$!
{
	archiveVersion = 1;
	classes = {
	};
	objectVersion = 46;
	objects = {

/* Begin PBXBuildFile section */
		AB1230911B087F5300EED3C9 /* RadioCollapsedCell.swift in Sources */ = {isa = PBXBuildFile; fileRef = AB1230901B087F5300EED3C9 /* RadioCollapsedCell.swift */; };
		AB1BA0661B085957004D0488 /* RadioCell.swift in Sources */ = {isa = PBXBuildFile; fileRef = AB1BA0651B085957004D0488 /* RadioCell.swift */; };
		AB2857441B0318F400716040 /* Alamofire.framework in Frameworks */ = {isa = PBXBuildFile; fileRef = AB2857421B0318F400716040 /* Alamofire.framework */; };
		AB2857451B0318F400716040 /* OAuthSwift.framework in Frameworks */ = {isa = PBXBuildFile; fileRef = AB2857431B0318F400716040 /* OAuthSwift.framework */; };
		AB2857481B03240000716040 /* Business.swift in Sources */ = {isa = PBXBuildFile; fileRef = AB2857471B03240000716040 /* Business.swift */; };
		AB28574A1B03261C00716040 /* BusinessViewController.swift in Sources */ = {isa = PBXBuildFile; fileRef = AB2857491B03261C00716040 /* BusinessViewController.swift */; };
		AB28574C1B032AB700716040 /* BusinessCell.swift in Sources */ = {isa = PBXBuildFile; fileRef = AB28574B1B032AB700716040 /* BusinessCell.swift */; };
		AB28574E1B032DE600716040 /* Haneke.framework in Frameworks */ = {isa = PBXBuildFile; fileRef = AB28574D1B032DE600716040 /* Haneke.framework */; };
		AB4106131B08999C00D8AB7D /* LoadingCell.swift in Sources */ = {isa = PBXBuildFile; fileRef = AB4106121B08999C00D8AB7D /* LoadingCell.swift */; };
		AB5A58791B09B16000243651 /* README.md in Sources */ = {isa = PBXBuildFile; fileRef = AB5A58781B09B16000243651 /* README.md */; };
		AB9AFE921B05BA460012FAB6 /* SwitchCell.swift in Sources */ = {isa = PBXBuildFile; fileRef = AB9AFE911B05BA450012FAB6 /* SwitchCell.swift */; };
		AB9AFE941B05BB240012FAB6 /* FiltersViewController.swift in Sources */ = {isa = PBXBuildFile; fileRef = AB9AFE931B05BB240012FAB6 /* FiltersViewController.swift */; };
		AB9AFE961B05C2560012FAB6 /* YelpSearchFilters.swift in Sources */ = {isa = PBXBuildFile; fileRef = AB9AFE951B05C2560012FAB6 /* YelpSearchFilters.swift */; };
		ABB000501B01539600FE24F2 /* AppDelegate.swift in Sources */ = {isa = PBXBuildFile; fileRef = ABB0004F1B01539600FE24F2 /* AppDelegate.swift */; };
		ABB000551B01539600FE24F2 /* Main.storyboard in Resources */ = {isa = PBXBuildFile; fileRef = ABB000531B01539600FE24F2 /* Main.storyboard */; };
		ABB000571B01539600FE24F2 /* Images.xcassets in Resources */ = {isa = PBXBuildFile; fileRef = ABB000561B01539600FE24F2 /* Images.xcassets */; };
		ABB0005A1B01539600FE24F2 /* LaunchScreen.xib in Resources */ = {isa = PBXBuildFile; fileRef = ABB000581B01539600FE24F2 /* LaunchScreen.xib */; };
		ABB000661B01539600FE24F2 /* SimpleYelpTests.swift in Sources */ = {isa = PBXBuildFile; fileRef = ABB000651B01539600FE24F2 /* SimpleYelpTests.swift */; };
		ABB000701B01552700FE24F2 /* YelpClient.swift in Sources */ = {isa = PBXBuildFile; fileRef = ABB0006F1B01552700FE24F2 /* YelpClient.swift */; };
		ABED75D31B088FD700E976D1 /* secrets.plist in Resources */ = {isa = PBXBuildFile; fileRef = ABED75D21B088FD700E976D1 /* secrets.plist */; };
/* End PBXBuildFile section */

/* Begin PBXContainerItemProxy section */
		ABB000601B01539600FE24F2 /* PBXContainerItemProxy */ = {
			isa = PBXContainerItemProxy;
			containerPortal = ABB000421B01539600FE24F2 /* Project object */;
			proxyType = 1;
			remoteGlobalIDString = ABB000491B01539600FE24F2;
			remoteInfo = SimpleYelp;
		};
/* End PBXContainerItemProxy section */

/* Begin PBXFileReference section */
		AB1230901B087F5300EED3C9 /* RadioCollapsedCell.swift */ = {isa = PBXFileReference; fileEncoding = 4; lastKnownFileType = sourcecode.swift; path = RadioCollapsedCell.swift; sourceTree = "<group>"; };
		AB1BA0651B085957004D0488 /* RadioCell.swift */ = {isa = PBXFileReference; fileEncoding = 4; lastKnownFileType = sourcecode.swift; path = RadioCell.swift; sourceTree = "<group>"; };
		AB2857421B0318F400716040 /* Alamofire.framework */ = {isa = PBXFileReference; lastKnownFileType = wrapper.framework; name = Alamofire.framework; path = Carthage/Build/iOS/Alamofire.framework; sourceTree = "<group>"; };
		AB2857431B0318F400716040 /* OAuthSwift.framework */ = {isa = PBXFileReference; lastKnownFileType = wrapper.framework; name = OAuthSwift.framework; path = Carthage/Build/iOS/OAuthSwift.framework; sourceTree = "<group>"; };
		AB2857471B03240000716040 /* Business.swift */ = {isa = PBXFileReference; fileEncoding = 4; lastKnownFileType = sourcecode.swift; path = Business.swift; sourceTree = "<group>"; };
		AB2857491B03261C00716040 /* BusinessViewController.swift */ = {isa = PBXFileReference; fileEncoding = 4; lastKnownFileType = sourcecode.swift; path = BusinessViewController.swift; sourceTree = "<group>"; };
		AB28574B1B032AB700716040 /* BusinessCell.swift */ = {isa = PBXFileReference; fileEncoding = 4; lastKnownFileType = sourcecode.swift; path = BusinessCell.swift; sourceTree = "<group>"; };
		AB28574D1B032DE600716040 /* Haneke.framework */ = {isa = PBXFileReference; lastKnownFileType = wrapper.framework; name = Haneke.framework; path = Carthage/Build/iOS/Haneke.framework; sourceTree = "<group>"; };
		AB4106121B08999C00D8AB7D /* LoadingCell.swift */ = {isa = PBXFileReference; fileEncoding = 4; lastKnownFileType = sourcecode.swift; path = LoadingCell.swift; sourceTree = "<group>"; };
		AB5A58761B09ABB600243651 /* demo.gif */ = {isa = PBXFileReference; lastKnownFileType = image.gif; path = demo.gif; sourceTree = "<group>"; };
		AB5A58781B09B16000243651 /* README.md */ = {isa = PBXFileReference; fileEncoding = 4; lastKnownFileType = net.daringfireball.markdown; path = README.md; sourceTree = "<group>"; };
		AB9AFE911B05BA450012FAB6 /* SwitchCell.swift */ = {isa = PBXFileReference; fileEncoding = 4; lastKnownFileType = sourcecode.swift; path = SwitchCell.swift; sourceTree = "<group>"; };
		AB9AFE931B05BB240012FAB6 /* FiltersViewController.swift */ = {isa = PBXFileReference; fileEncoding = 4; lastKnownFileType = sourcecode.swift; path = FiltersViewController.swift; sourceTree = "<group>"; };
		AB9AFE951B05C2560012FAB6 /* YelpSearchFilters.swift */ = {isa = PBXFileReference; fileEncoding = 4; lastKnownFileType = sourcecode.swift; path = YelpSearchFilters.swift; sourceTree = "<group>"; };
		ABB0004A1B01539600FE24F2 /* SimpleYelp.app */ = {isa = PBXFileReference; explicitFileType = wrapper.application; includeInIndex = 0; path = SimpleYelp.app; sourceTree = BUILT_PRODUCTS_DIR; };
		ABB0004E1B01539600FE24F2 /* Info.plist */ = {isa = PBXFileReference; lastKnownFileType = text.plist.xml; path = Info.plist; sourceTree = "<group>"; };
		ABB0004F1B01539600FE24F2 /* AppDelegate.swift */ = {isa = PBXFileReference; lastKnownFileType = sourcecode.swift; path = AppDelegate.swift; sourceTree = "<group>"; };
		ABB000541B01539600FE24F2 /* Base */ = {isa = PBXFileReference; lastKnownFileType = file.storyboard; name = Base; path = Base.lproj/Main.storyboard; sourceTree = "<group>"; };
		ABB000561B01539600FE24F2 /* Images.xcassets */ = {isa = PBXFileReference; lastKnownFileType = folder.assetcatalog; path = Images.xcassets; sourceTree = "<group>"; };
		ABB000591B01539600FE24F2 /* Base */ = {isa = PBXFileReference; lastKnownFileType = file.xib; name = Base; path = Base.lproj/LaunchScreen.xib; sourceTree = "<group>"; };
		ABB0005F1B01539600FE24F2 /* SimpleYelpTests.xctest */ = {isa = PBXFileReference; explicitFileType = wrapper.cfbundle; includeInIndex = 0; path = SimpleYelpTests.xctest; sourceTree = BUILT_PRODUCTS_DIR; };
		ABB000641B01539600FE24F2 /* Info.plist */ = {isa = PBXFileReference; lastKnownFileType = text.plist.xml; path = Info.plist; sourceTree = "<group>"; };
		ABB000651B01539600FE24F2 /* SimpleYelpTests.swift */ = {isa = PBXFileReference; lastKnownFileType = sourcecode.swift; path = SimpleYelpTests.swift; sourceTree = "<group>"; };
		ABB0006F1B01552700FE24F2 /* YelpClient.swift */ = {isa = PBXFileReference; fileEncoding = 4; lastKnownFileType = sourcecode.swift; path = YelpClient.swift; sourceTree = "<group>"; };
		ABB000711B01566200FE24F2 /* Cartfile */ = {isa = PBXFileReference; fileEncoding = 4; lastKnownFileType = text; path = Cartfile; sourceTree = "<group>"; };
		ABED75D21B088FD700E976D1 /* secrets.plist */ = {isa = PBXFileReference; fileEncoding = 4; lastKnownFileType = text.plist.xml; path = secrets.plist; sourceTree = "<group>"; };
		ABED75D41B08916C00E976D1 /* .gitignore */ = {isa = PBXFileReference; fileEncoding = 4; lastKnownFileType = text; path = .gitignore; sourceTree = "<group>"; };
/* End PBXFileReference section */

/* Begin PBXFrameworksBuildPhase section */
		ABB000471B01539600FE24F2 /* Frameworks */ = {
			isa = PBXFrameworksBuildPhase;
			buildActionMask = 2147483647;
			files = (
				AB2857441B0318F400716040 /* Alamofire.framework in Frameworks */,
				AB2857451B0318F400716040 /* OAuthSwift.framework in Frameworks */,
				AB28574E1B032DE600716040 /* Haneke.framework in Frameworks */,
			);
			runOnlyForDeploymentPostprocessing = 0;
		};
		ABB0005C1B01539600FE24F2 /* Frameworks */ = {
			isa = PBXFrameworksBuildPhase;
			buildActionMask = 2147483647;
			files = (
			);
			runOnlyForDeploymentPostprocessing = 0;
		};
/* End PBXFrameworksBuildPhase section */

/* Begin PBXGroup section */
		ABB000411B01539600FE24F2 = {
			isa = PBXGroup;
			children = (
				AB5A58781B09B16000243651 /* README.md */,
				AB5A58761B09ABB600243651 /* demo.gif */,
				ABED75D41B08916C00E976D1 /* .gitignore */,
				AB28574D1B032DE600716040 /* Haneke.framework */,
				AB2857421B0318F400716040 /* Alamofire.framework */,
				AB2857431B0318F400716040 /* OAuthSwift.framework */,
				ABB000711B01566200FE24F2 /* Cartfile */,
				ABB0004C1B01539600FE24F2 /* SimpleYelp */,
				ABB000621B01539600FE24F2 /* SimpleYelpTests */,
				ABB0004B1B01539600FE24F2 /* Products */,
			);
			sourceTree = "<group>";
		};
		ABB0004B1B01539600FE24F2 /* Products */ = {
			isa = PBXGroup;
			children = (
				ABB0004A1B01539600FE24F2 /* SimpleYelp.app */,
				ABB0005F1B01539600FE24F2 /* SimpleYelpTests.xctest */,
			);
			name = Products;
			sourceTree = "<group>";
		};
		ABB0004C1B01539600FE24F2 /* SimpleYelp */ = {
			isa = PBXGroup;
			children = (
				ABB0004F1B01539600FE24F2 /* AppDelegate.swift */,
				ABB000531B01539600FE24F2 /* Main.storyboard */,
				AB9AFE931B05BB240012FAB6 /* FiltersViewController.swift */,
				ABB000561B01539600FE24F2 /* Images.xcassets */,
				ABB000581B01539600FE24F2 /* LaunchScreen.xib */,
				ABB0004D1B01539600FE24F2 /* Supporting Files */,
				ABB0006F1B01552700FE24F2 /* YelpClient.swift */,
				AB2857471B03240000716040 /* Business.swift */,
				AB2857491B03261C00716040 /* BusinessViewController.swift */,
				AB28574B1B032AB700716040 /* BusinessCell.swift */,
				AB9AFE911B05BA450012FAB6 /* SwitchCell.swift */,
				AB9AFE951B05C2560012FAB6 /* YelpSearchFilters.swift */,
				AB1BA0651B085957004D0488 /* RadioCell.swift */,
				AB1230901B087F5300EED3C9 /* RadioCollapsedCell.swift */,
				ABED75D21B088FD700E976D1 /* secrets.plist */,
				AB4106121B08999C00D8AB7D /* LoadingCell.swift */,
			);
			path = SimpleYelp;
			sourceTree = "<group>";
		};
		ABB0004D1B01539600FE24F2 /* Supporting Files */ = {
			isa = PBXGroup;
			children = (
				ABB0004E1B01539600FE24F2 /* Info.plist */,
			);
			name = "Supporting Files";
			sourceTree = "<group>";
		};
		ABB000621B01539600FE24F2 /* SimpleYelpTests */ = {
			isa = PBXGroup;
			children = (
				ABB000651B01539600FE24F2 /* SimpleYelpTests.swift */,
				ABB000631B01539600FE24F2 /* Supporting Files */,
			);
			path = SimpleYelpTests;
			sourceTree = "<group>";
		};
		ABB000631B01539600FE24F2 /* Supporting Files */ = {
			isa = PBXGroup;
			children = (
				ABB000641B01539600FE24F2 /* Info.plist */,
			);
			name = "Supporting Files";
			sourceTree = "<group>";
		};
/* End PBXGroup section */

/* Begin PBXNativeTarget section */
		ABB000491B01539600FE24F2 /* SimpleYelp */ = {
			isa = PBXNativeTarget;
			buildConfigurationList = ABB000691B01539600FE24F2 /* Build configuration list for PBXNativeTarget "SimpleYelp" */;
			buildPhases = (
				ABB000461B01539600FE24F2 /* Sources */,
				ABB000471B01539600FE24F2 /* Frameworks */,
				ABB000481B01539600FE24F2 /* Resources */,
				AB2857461B03190500716040 /* ShellScript */,
			);
			buildRules = (
			);
			dependencies = (
			);
			name = SimpleYelp;
			productName = SimpleYelp;
			productReference = ABB0004A1B01539600FE24F2 /* SimpleYelp.app */;
			productType = "com.apple.product-type.application";
		};
		ABB0005E1B01539600FE24F2 /* SimpleYelpTests */ = {
			isa = PBXNativeTarget;
			buildConfigurationList = ABB0006C1B01539600FE24F2 /* Build configuration list for PBXNativeTarget "SimpleYelpTests" */;
			buildPhases = (
				ABB0005B1B01539600FE24F2 /* Sources */,
				ABB0005C1B01539600FE24F2 /* Frameworks */,
				ABB0005D1B01539600FE24F2 /* Resources */,
			);
			buildRules = (
			);
			dependencies = (
				ABB000611B01539600FE24F2 /* PBXTargetDependency */,
			);
			name = SimpleYelpTests;
			productName = SimpleYelpTests;
			productReference = ABB0005F1B01539600FE24F2 /* SimpleYelpTests.xctest */;
			productType = "com.apple.product-type.bundle.unit-test";
		};
/* End PBXNativeTarget section */

/* Begin PBXProject section */
		ABB000421B01539600FE24F2 /* Project object */ = {
			isa = PBXProject;
			attributes = {
				LastUpgradeCheck = 0630;
				ORGANIZATIONNAME = "Benjamin Tsai";
				TargetAttributes = {
					ABB000491B01539600FE24F2 = {
						CreatedOnToolsVersion = 6.3.1;
					};
					ABB0005E1B01539600FE24F2 = {
						CreatedOnToolsVersion = 6.3.1;
						TestTargetID = ABB000491B01539600FE24F2;
					};
				};
			};
			buildConfigurationList = ABB000451B01539600FE24F2 /* Build configuration list for PBXProject "SimpleYelp" */;
			compatibilityVersion = "Xcode 3.2";
			developmentRegion = English;
			hasScannedForEncodings = 0;
			knownRegions = (
				en,
				Base,
			);
			mainGroup = ABB000411B01539600FE24F2;
			productRefGroup = ABB0004B1B01539600FE24F2 /* Products */;
			projectDirPath = "";
			projectRoot = "";
			targets = (
				ABB000491B01539600FE24F2 /* SimpleYelp */,
				ABB0005E1B01539600FE24F2 /* SimpleYelpTests */,
			);
		};
/* End PBXProject section */

/* Begin PBXResourcesBuildPhase section */
		ABB000481B01539600FE24F2 /* Resources */ = {
			isa = PBXResourcesBuildPhase;
			buildActionMask = 2147483647;
			files = (
				ABB000551B01539600FE24F2 /* Main.storyboard in Resources */,
				ABB0005A1B01539600FE24F2 /* LaunchScreen.xib in Resources */,
				ABED75D31B088FD700E976D1 /* secrets.plist in Resources */,
				ABB000571B01539600FE24F2 /* Images.xcassets in Resources */,
			);
			runOnlyForDeploymentPostprocessing = 0;
		};
		ABB0005D1B01539600FE24F2 /* Resources */ = {
			isa = PBXResourcesBuildPhase;
			buildActionMask = 2147483647;
			files = (
			);
			runOnlyForDeploymentPostprocessing = 0;
		};
/* End PBXResourcesBuildPhase section */

/* Begin PBXShellScriptBuildPhase section */
		AB2857461B03190500716040 /* ShellScript */ = {
			isa = PBXShellScriptBuildPhase;
			buildActionMask = 2147483647;
			files = (
			);
			inputPaths = (
				"$(SRCROOT)/Carthage/Build/iOS/Alamofire.framework",
				"$(SRCROOT)/Carthage/Build/iOS/OAuthSwift.framework",
				"$(SRCROOT)/Carthage/Build/iOS/Haneke.framework",
			);
			outputPaths = (
			);
			runOnlyForDeploymentPostprocessing = 0;
			shellPath = /bin/sh;
			shellScript = "/usr/local/bin/carthage copy-frameworks";
		};
/* End PBXShellScriptBuildPhase section */

/* Begin PBXSourcesBuildPhase section */
		ABB000461B01539600FE24F2 /* Sources */ = {
			isa = PBXSourcesBuildPhase;
			buildActionMask = 2147483647;
			files = (
				AB28574C1B032AB700716040 /* BusinessCell.swift in Sources */,
				AB2857481B03240000716040 /* Business.swift in Sources */,
				AB9AFE941B05BB240012FAB6 /* FiltersViewController.swift in Sources */,
				ABB000701B01552700FE24F2 /* YelpClient.swift in Sources */,
				AB9AFE961B05C2560012FAB6 /* YelpSearchFilters.swift in Sources */,
				AB4106131B08999C00D8AB7D /* LoadingCell.swift in Sources */,
				AB5A58791B09B16000243651 /* README.md in Sources */,
				AB28574A1B03261C00716040 /* BusinessViewController.swift in Sources */,
				AB1BA0661B085957004D0488 /* RadioCell.swift in Sources */,
				ABB000501B01539600FE24F2 /* AppDelegate.swift in Sources */,
				AB9AFE921B05BA460012FAB6 /* SwitchCell.swift in Sources */,
				AB1230911B087F5300EED3C9 /* RadioCollapsedCell.swift in Sources */,
			);
			runOnlyForDeploymentPostprocessing = 0;
		};
		ABB0005B1B01539600FE24F2 /* Sources */ = {
			isa = PBXSourcesBuildPhase;
			buildActionMask = 2147483647;
			files = (
				ABB000661B01539600FE24F2 /* SimpleYelpTests.swift in Sources */,
			);
			runOnlyForDeploymentPostprocessing = 0;
		};
/* End PBXSourcesBuildPhase section */

/* Begin PBXTargetDependency section */
		ABB000611B01539600FE24F2 /* PBXTargetDependency */ = {
			isa = PBXTargetDependency;
			target = ABB000491B01539600FE24F2 /* SimpleYelp */;
			targetProxy = ABB000601B01539600FE24F2 /* PBXContainerItemProxy */;
		};
/* End PBXTargetDependency section */

/* Begin PBXVariantGroup section */
		ABB000531B01539600FE24F2 /* Main.storyboard */ = {
			isa = PBXVariantGroup;
			children = (
				ABB000541B01539600FE24F2 /* Base */,
			);
			name = Main.storyboard;
			sourceTree = "<group>";
		};
		ABB000581B01539600FE24F2 /* LaunchScreen.xib */ = {
			isa = PBXVariantGroup;
			children = (
				ABB000591B01539600FE24F2 /* Base */,
			);
			name = LaunchScreen.xib;
			sourceTree = "<group>";
		};
/* End PBXVariantGroup section */

/* Begin XCBuildConfiguration section */
		ABB000671B01539600FE24F2 /* Debug */ = {
			isa = XCBuildConfiguration;
			buildSettings = {
				ALWAYS_SEARCH_USER_PATHS = NO;
				CLANG_CXX_LANGUAGE_STANDARD = "gnu++0x";
				CLANG_CXX_LIBRARY = "libc++";
				CLANG_ENABLE_MODULES = YES;
				CLANG_ENABLE_OBJC_ARC = YES;
				CLANG_WARN_BOOL_CONVERSION = YES;
				CLANG_WARN_CONSTANT_CONVERSION = YES;
				CLANG_WARN_DIRECT_OBJC_ISA_USAGE = YES_ERROR;
				CLANG_WARN_EMPTY_BODY = YES;
				CLANG_WARN_ENUM_CONVERSION = YES;
				CLANG_WARN_INT_CONVERSION = YES;
				CLANG_WARN_OBJC_ROOT_CLASS = YES_ERROR;
				CLANG_WARN_UNREACHABLE_CODE = YES;
				CLANG_WARN__DUPLICATE_METHOD_MATCH = YES;
				"CODE_SIGN_IDENTITY[sdk=iphoneos*]" = "iPhone Developer";
				COPY_PHASE_STRIP = NO;
				DEBUG_INFORMATION_FORMAT = "dwarf-with-dsym";
				ENABLE_STRICT_OBJC_MSGSEND = YES;
				GCC_C_LANGUAGE_STANDARD = gnu99;
				GCC_DYNAMIC_NO_PIC = NO;
				GCC_NO_COMMON_BLOCKS = YES;
				GCC_OPTIMIZATION_LEVEL = 0;
				GCC_PREPROCESSOR_DEFINITIONS = (
					"DEBUG=1",
					"$(inherited)",
				);
				GCC_SYMBOLS_PRIVATE_EXTERN = NO;
				GCC_WARN_64_TO_32_BIT_CONVERSION = YES;
				GCC_WARN_ABOUT_RETURN_TYPE = YES_ERROR;
				GCC_WARN_UNDECLARED_SELECTOR = YES;
				GCC_WARN_UNINITIALIZED_AUTOS = YES_AGGRESSIVE;
				GCC_WARN_UNUSED_FUNCTION = YES;
				GCC_WARN_UNUSED_VARIABLE = YES;
				IPHONEOS_DEPLOYMENT_TARGET = 8.3;
				MTL_ENABLE_DEBUG_INFO = YES;
				ONLY_ACTIVE_ARCH = YES;
				SDKROOT = iphoneos;
				SWIFT_OPTIMIZATION_LEVEL = "-Onone";
			};
			name = Debug;
		};
		ABB000681B01539600FE24F2 /* Release */ = {
			isa = XCBuildConfiguration;
			buildSettings = {
				ALWAYS_SEARCH_USER_PATHS = NO;
				CLANG_CXX_LANGUAGE_STANDARD = "gnu++0x";
				CLANG_CXX_LIBRARY = "libc++";
				CLANG_ENABLE_MODULES = YES;
				CLANG_ENABLE_OBJC_ARC = YES;
				CLANG_WARN_BOOL_CONVERSION = YES;
				CLANG_WARN_CONSTANT_CONVERSION = YES;
				CLANG_WARN_DIRECT_OBJC_ISA_USAGE = YES_ERROR;
				CLANG_WARN_EMPTY_BODY = YES;
				CLANG_WARN_ENUM_CONVERSION = YES;
				CLANG_WARN_INT_CONVERSION = YES;
				CLANG_WARN_OBJC_ROOT_CLASS = YES_ERROR;
				CLANG_WARN_UNREACHABLE_CODE = YES;
				CLANG_WARN__DUPLICATE_METHOD_MATCH = YES;
				"CODE_SIGN_IDENTITY[sdk=iphoneos*]" = "iPhone Developer";
				COPY_PHASE_STRIP = NO;
				DEBUG_INFORMATION_FORMAT = "dwarf-with-dsym";
				ENABLE_NS_ASSERTIONS = NO;
				ENABLE_STRICT_OBJC_MSGSEND = YES;
				GCC_C_LANGUAGE_STANDARD = gnu99;
				GCC_NO_COMMON_BLOCKS = YES;
				GCC_WARN_64_TO_32_BIT_CONVERSION = YES;
				GCC_WARN_ABOUT_RETURN_TYPE = YES_ERROR;
				GCC_WARN_UNDECLARED_SELECTOR = YES;
				GCC_WARN_UNINITIALIZED_AUTOS = YES_AGGRESSIVE;
				GCC_WARN_UNUSED_FUNCTION = YES;
				GCC_WARN_UNUSED_VARIABLE = YES;
				IPHONEOS_DEPLOYMENT_TARGET = 8.3;
				MTL_ENABLE_DEBUG_INFO = NO;
				SDKROOT = iphoneos;
				VALIDATE_PRODUCT = YES;
			};
			name = Release;
		};
		ABB0006A1B01539600FE24F2 /* Debug */ = {
			isa = XCBuildConfiguration;
			buildSettings = {
				ASSETCATALOG_COMPILER_APPICON_NAME = AppIcon;
				FRAMEWORK_SEARCH_PATHS = (
					"$(inherited)",
					"$(PROJECT_DIR)/Carthage/Build/iOS",
				);
				INFOPLIST_FILE = SimpleYelp/Info.plist;
				LD_RUNPATH_SEARCH_PATHS = "$(inherited) @executable_path/Frameworks";
				PRODUCT_NAME = "$(TARGET_NAME)";
			};
			name = Debug;
		};
		ABB0006B1B01539600FE24F2 /* Release */ = {
			isa = XCBuildConfiguration;
			buildSettings = {
				ASSETCATALOG_COMPILER_APPICON_NAME = AppIcon;
				FRAMEWORK_SEARCH_PATHS = (
					"$(inherited)",
					"$(PROJECT_DIR)/Carthage/Build/iOS",
				);
				INFOPLIST_FILE = SimpleYelp/Info.plist;
				LD_RUNPATH_SEARCH_PATHS = "$(inherited) @executable_path/Frameworks";
				PRODUCT_NAME = "$(TARGET_NAME)";
			};
			name = Release;
		};
		ABB0006D1B01539600FE24F2 /* Debug */ = {
			isa = XCBuildConfiguration;
			buildSettings = {
				BUNDLE_LOADER = "$(TEST_HOST)";
				FRAMEWORK_SEARCH_PATHS = (
					"$(SDKROOT)/Developer/Library/Frameworks",
					"$(inherited)",
				);
				GCC_PREPROCESSOR_DEFINITIONS = (
					"DEBUG=1",
					"$(inherited)",
				);
				INFOPLIST_FILE = SimpleYelpTests/Info.plist;
				LD_RUNPATH_SEARCH_PATHS = "$(inherited) @executable_path/Frameworks @loader_path/Frameworks";
				PRODUCT_NAME = "$(TARGET_NAME)";
				TEST_HOST = "$(BUILT_PRODUCTS_DIR)/SimpleYelp.app/SimpleYelp";
			};
			name = Debug;
		};
		ABB0006E1B01539600FE24F2 /* Release */ = {
			isa = XCBuildConfiguration;
			buildSettings = {
				BUNDLE_LOADER = "$(TEST_HOST)";
				FRAMEWORK_SEARCH_PATHS = (
					"$(SDKROOT)/Developer/Library/Frameworks",
					"$(inherited)",
				);
				INFOPLIST_FILE = SimpleYelpTests/Info.plist;
				LD_RUNPATH_SEARCH_PATHS = "$(inherited) @executable_path/Frameworks @loader_path/Frameworks";
				PRODUCT_NAME = "$(TARGET_NAME)";
				TEST_HOST = "$(BUILT_PRODUCTS_DIR)/SimpleYelp.app/SimpleYelp";
			};
			name = Release;
		};
/* End XCBuildConfiguration section */

/* Begin XCConfigurationList section */
		ABB000451B01539600FE24F2 /* Build configuration list for PBXProject "SimpleYelp" */ = {
			isa = XCConfigurationList;
			buildConfigurations = (
				ABB000671B01539600FE24F2 /* Debug */,
				ABB000681B01539600FE24F2 /* Release */,
			);
			defaultConfigurationIsVisible = 0;
			defaultConfigurationName = Release;
		};
		ABB000691B01539600FE24F2 /* Build configuration list for PBXNativeTarget "SimpleYelp" */ = {
			isa = XCConfigurationList;
			buildConfigurations = (
				ABB0006A1B01539600FE24F2 /* Debug */,
				ABB0006B1B01539600FE24F2 /* Release */,
			);
			defaultConfigurationIsVisible = 0;
			defaultConfigurationName = Release;
		};
		ABB0006C1B01539600FE24F2 /* Build configuration list for PBXNativeTarget "SimpleYelpTests" */ = {
			isa = XCConfigurationList;
			buildConfigurations = (
				ABB0006D1B01539600FE24F2 /* Debug */,
				ABB0006E1B01539600FE24F2 /* Release */,
			);
			defaultConfigurationIsVisible = 0;
			defaultConfigurationName = Release;
		};
/* End XCConfigurationList section */
	};
	rootObject = ABB000421B01539600FE24F2 /* Project object */;
}
